{
  "name": "proof-and-state-portfolio",
  "lockfileVersion": 3,
  "requires": true,
  "packages": {
    "": {
      "name": "proof-and-state-portfolio",
      "workspaces": [
        "apps/gtm-orchestrator"
      ],
      "engines": {
        "node": ">=24"
      }
    },
    "apps/gtm-orchestrator": {
      "name": "@proof-and-state/gtm-orchestrator",
      "version": "0.1.0",
      "engines": {
        "node": ">=24"
      }
    },
    "node_modules/@proof-and-state/gtm-orchestrator": {
      "resolved": "apps/gtm-orchestrator",
      "link": true
    }
  }
}
